
Microsoft Visual Studio Solution File, Format Version 12.00
# Visual Studio 15
VisualStudioVersion = 15.0.27428.2043
MinimumVisualStudioVersion = 10.0.40219.1
Project("{9A19103F-16F7-4668-BE54-9A1E7A4F7556}") = "Abp.Cqrs", "Abp.Cqrs\Abp.Cqrs.csproj", "{15878239-BEB3-4E21-96DA-257B838083AE}"
EndProject
Project("{2150E333-8FDC-42A3-9474-1A3956D46DE8}") = "tests", "tests", "{5CE19EDE-1C8A-41F0-9B76-85FE0747D046}"
EndProject
Project("{FAE04EC0-301F-11D3-BF4B-00C04F79EFBC}") = "Abp.Cqrs.Test", "Abp.Cqrs.Test\Abp.Cqrs.Test.csproj", "{6F2C7B67-E595-45E8-B220-2319BAE04F47}"
EndProject
Global
	GlobalSection(SolutionConfigurationPlatforms) = preSolution
		Debug|Any CPU = Debug|Any CPU
		Release|Any CPU = Release|Any CPU
	EndGlobalSection
	GlobalSection(ProjectConfigurationPlatforms) = postSolution
		{15878239-BEB3-4E21-96DA-257B838083AE}.Debug|Any CPU.ActiveCfg = Debug|Any CPU
		{15878239-BEB3-4E21-96DA-257B838083AE}.Debug|Any CPU.Build.0 = Debug|Any CPU
		{15878239-BEB3-4E21-96DA-257B838083AE}.Release|Any CPU.ActiveCfg = Release|Any CPU
		{15878239-BEB3-4E21-96DA-257B838083AE}.Release|Any CPU.Build.0 = Release|Any CPU
		{6F2C7B67-E595-45E8-B220-2319BAE04F47}.Debug|Any CPU.ActiveCfg = Debug|Any CPU
		{6F2C7B67-E595-45E8-B220-2319BAE04F47}.Debug|Any CPU.Build.0 = Debug|Any CPU
		{6F2C7B67-E595-45E8-B220-2319BAE04F47}.Release|Any CPU.ActiveCfg = Release|Any CPU
		{6F2C7B67-E595-45E8-B220-2319BAE04F47}.Release|Any CPU.Build.0 = Release|Any CPU
	EndGlobalSection
	GlobalSection(SolutionProperties) = preSolution
		HideSolutionNode = FALSE
	EndGlobalSection
	GlobalSection(NestedProjects) = preSolution
		{6F2C7B67-E595-45E8-B220-2319BAE04F47} = {5CE19EDE-1C8A-41F0-9B76-85FE0747D046}
	EndGlobalSection
	GlobalSection(ExtensibilityGlobals) = postSolution
		SolutionGuid = {E9696EA6-B6D5-4B96-B5ED-ABFE450E77BF}
	EndGlobalSection
EndGlobal
